
Microsoft Visual Studio Solution File, Format Version 12.00
# Visual Studio 2013
VisualStudioVersion = 12.0.30324.0
MinimumVisualStudioVersion = 10.0.40219.1
Project("{FAE04EC0-301F-11D3-BF4B-00C04F79EFBC}") = "CompanySystem.Data", "CompanySystem.Data\CompanySystem.Data.csproj", "{60FBB8B0-0B75-428A-85E6-A83A4013A80E}"
EndProject
Project("{FAE04EC0-301F-11D3-BF4B-00C04F79EFBC}") = "CompanySystem.RandomDataGenerator", "CompanySystem.RandomDataGenerator\CompanySystem.RandomDataGenerator.csproj", "{B6DE8869-150C-465F-8D4D-91BAA2992CA3}"
EndProject
Global
	GlobalSection(SolutionConfigurationPlatforms) = preSolution
		Debug|Any CPU = Debug|Any CPU
		Release|Any CPU = Release|Any CPU
	EndGlobalSection
	GlobalSection(ProjectConfigurationPlatforms) = postSolution
		{60FBB8B0-0B75-428A-85E6-A83A4013A80E}.Debug|Any CPU.ActiveCfg = Debug|Any CPU
		{60FBB8B0-0B75-428A-85E6-A83A4013A80E}.Debug|Any CPU.Build.0 = Debug|Any CPU
		{60FBB8B0-0B75-428A-85E6-A83A4013A80E}.Release|Any CPU.ActiveCfg = Release|Any CPU
		{60FBB8B0-0B75-428A-85E6-A83A4013A80E}.Release|Any CPU.Build.0 = Release|Any CPU
		{B6DE8869-150C-465F-8D4D-91BAA2992CA3}.Debug|Any CPU.ActiveCfg = Debug|Any CPU
		{B6DE8869-150C-465F-8D4D-91BAA2992CA3}.Debug|Any CPU.Build.0 = Debug|Any CPU
		{B6DE8869-150C-465F-8D4D-91BAA2992CA3}.Release|Any CPU.ActiveCfg = Release|Any CPU
		{B6DE8869-150C-465F-8D4D-91BAA2992CA3}.Release|Any CPU.Build.0 = Release|Any CPU
	EndGlobalSection
	GlobalSection(SolutionProperties) = preSolution
		HideSolutionNode = FALSE
	EndGlobalSection
EndGlobal
