
Microsoft Visual Studio Solution File, Format Version 12.00
# Visual Studio 2013
VisualStudioVersion = 12.0.30324.0
MinimumVisualStudioVersion = 10.0.40219.1
Project("{FAE04EC0-301F-11D3-BF4B-00C04F79EFBC}") = "АТМEngine.Model", "АТМEngline.Model\АТМEngine.Model.csproj", "{A4297D03-1118-46E0-8B68-A8C71F490DDB}"
EndProject
Project("{FAE04EC0-301F-11D3-BF4B-00C04F79EFBC}") = "ATMEngine.Data", "ATMEngine.Data\ATMEngine.Data.csproj", "{DDFE9894-46F3-44EE-89D3-2E2B9518894E}"
EndProject
Project("{FAE04EC0-301F-11D3-BF4B-00C04F79EFBC}") = "ATMEngine.ConsoleClient", "ATMEngine.ConseleClient\ATMEngine.ConsoleClient.csproj", "{6F7E5B82-79FA-45EC-8D11-697D6B7B33E3}"
EndProject
Global
	GlobalSection(SolutionConfigurationPlatforms) = preSolution
		Debug|Any CPU = Debug|Any CPU
		Release|Any CPU = Release|Any CPU
	EndGlobalSection
	GlobalSection(ProjectConfigurationPlatforms) = postSolution
		{A4297D03-1118-46E0-8B68-A8C71F490DDB}.Debug|Any CPU.ActiveCfg = Debug|Any CPU
		{A4297D03-1118-46E0-8B68-A8C71F490DDB}.Debug|Any CPU.Build.0 = Debug|Any CPU
		{A4297D03-1118-46E0-8B68-A8C71F490DDB}.Release|Any CPU.ActiveCfg = Release|Any CPU
		{A4297D03-1118-46E0-8B68-A8C71F490DDB}.Release|Any CPU.Build.0 = Release|Any CPU
		{DDFE9894-46F3-44EE-89D3-2E2B9518894E}.Debug|Any CPU.ActiveCfg = Debug|Any CPU
		{DDFE9894-46F3-44EE-89D3-2E2B9518894E}.Debug|Any CPU.Build.0 = Debug|Any CPU
		{DDFE9894-46F3-44EE-89D3-2E2B9518894E}.Release|Any CPU.ActiveCfg = Release|Any CPU
		{DDFE9894-46F3-44EE-89D3-2E2B9518894E}.Release|Any CPU.Build.0 = Release|Any CPU
		{6F7E5B82-79FA-45EC-8D11-697D6B7B33E3}.Debug|Any CPU.ActiveCfg = Debug|Any CPU
		{6F7E5B82-79FA-45EC-8D11-697D6B7B33E3}.Debug|Any CPU.Build.0 = Debug|Any CPU
		{6F7E5B82-79FA-45EC-8D11-697D6B7B33E3}.Release|Any CPU.ActiveCfg = Release|Any CPU
		{6F7E5B82-79FA-45EC-8D11-697D6B7B33E3}.Release|Any CPU.Build.0 = Release|Any CPU
	EndGlobalSection
	GlobalSection(SolutionProperties) = preSolution
		HideSolutionNode = FALSE
	EndGlobalSection
EndGlobal
