
Microsoft Visual Studio Solution File, Format Version 12.00
# Visual Studio 2013
VisualStudioVersion = 12.0.30324.0
MinimumVisualStudioVersion = 10.0.40219.1
Project("{FAE04EC0-301F-11D3-BF4B-00C04F79EFBC}") = "02-05. DAO", "02. DAO\02-05. DAO.csproj", "{C3B74871-EE1F-41A3-A9D9-D1127FFC49F7}"
EndProject
Project("{FAE04EC0-301F-11D3-BF4B-00C04F79EFBC}") = "01. NorthwindDbContex", "01. NorthwindDbContex\01. NorthwindDbContex.csproj", "{E1F4D85C-3633-42F5-A53E-C37DD0802214}"
EndProject
Project("{FAE04EC0-301F-11D3-BF4B-00C04F79EFBC}") = "06-07. NorthwindTwin", "06. NorthwindTwin\06-07. NorthwindTwin.csproj", "{C8A43FCF-9A78-4F98-A4DD-7C1D2F2D5C03}"
EndProject
Project("{FAE04EC0-301F-11D3-BF4B-00C04F79EFBC}") = "08-09. EmployeeExtension", "08. EmployeeExtension\08-09. EmployeeExtension.csproj", "{2A29C4F5-8A44-4B21-81B2-7F3CD4F5A6AB}"
EndProject
Project("{FAE04EC0-301F-11D3-BF4B-00C04F79EFBC}") = "10. GetIncomeBySupplierAndPeriod", "10. GetIncomeBySupplierAndPeriod\10. GetIncomeBySupplierAndPeriod.csproj", "{96182EE8-E087-480B-9614-E2AF52D80C59}"
EndProject
Project("{FAE04EC0-301F-11D3-BF4B-00C04F79EFBC}") = "11. UserGroupsTransaction", "11. UserGroupsTransaction\11. UserGroupsTransaction.csproj", "{B893EAEC-8C26-444B-A6F8-C48B94D7AD65}"
EndProject
Global
	GlobalSection(SolutionConfigurationPlatforms) = preSolution
		Debug|Any CPU = Debug|Any CPU
		Release|Any CPU = Release|Any CPU
	EndGlobalSection
	GlobalSection(ProjectConfigurationPlatforms) = postSolution
		{C3B74871-EE1F-41A3-A9D9-D1127FFC49F7}.Debug|Any CPU.ActiveCfg = Debug|Any CPU
		{C3B74871-EE1F-41A3-A9D9-D1127FFC49F7}.Debug|Any CPU.Build.0 = Debug|Any CPU
		{C3B74871-EE1F-41A3-A9D9-D1127FFC49F7}.Release|Any CPU.ActiveCfg = Release|Any CPU
		{C3B74871-EE1F-41A3-A9D9-D1127FFC49F7}.Release|Any CPU.Build.0 = Release|Any CPU
		{E1F4D85C-3633-42F5-A53E-C37DD0802214}.Debug|Any CPU.ActiveCfg = Debug|Any CPU
		{E1F4D85C-3633-42F5-A53E-C37DD0802214}.Debug|Any CPU.Build.0 = Debug|Any CPU
		{E1F4D85C-3633-42F5-A53E-C37DD0802214}.Release|Any CPU.ActiveCfg = Release|Any CPU
		{E1F4D85C-3633-42F5-A53E-C37DD0802214}.Release|Any CPU.Build.0 = Release|Any CPU
		{C8A43FCF-9A78-4F98-A4DD-7C1D2F2D5C03}.Debug|Any CPU.ActiveCfg = Debug|Any CPU
		{C8A43FCF-9A78-4F98-A4DD-7C1D2F2D5C03}.Debug|Any CPU.Build.0 = Debug|Any CPU
		{C8A43FCF-9A78-4F98-A4DD-7C1D2F2D5C03}.Release|Any CPU.ActiveCfg = Release|Any CPU
		{C8A43FCF-9A78-4F98-A4DD-7C1D2F2D5C03}.Release|Any CPU.Build.0 = Release|Any CPU
		{2A29C4F5-8A44-4B21-81B2-7F3CD4F5A6AB}.Debug|Any CPU.ActiveCfg = Debug|Any CPU
		{2A29C4F5-8A44-4B21-81B2-7F3CD4F5A6AB}.Debug|Any CPU.Build.0 = Debug|Any CPU
		{2A29C4F5-8A44-4B21-81B2-7F3CD4F5A6AB}.Release|Any CPU.ActiveCfg = Release|Any CPU
		{2A29C4F5-8A44-4B21-81B2-7F3CD4F5A6AB}.Release|Any CPU.Build.0 = Release|Any CPU
		{96182EE8-E087-480B-9614-E2AF52D80C59}.Debug|Any CPU.ActiveCfg = Debug|Any CPU
		{96182EE8-E087-480B-9614-E2AF52D80C59}.Debug|Any CPU.Build.0 = Debug|Any CPU
		{96182EE8-E087-480B-9614-E2AF52D80C59}.Release|Any CPU.ActiveCfg = Release|Any CPU
		{96182EE8-E087-480B-9614-E2AF52D80C59}.Release|Any CPU.Build.0 = Release|Any CPU
		{B893EAEC-8C26-444B-A6F8-C48B94D7AD65}.Debug|Any CPU.ActiveCfg = Debug|Any CPU
		{B893EAEC-8C26-444B-A6F8-C48B94D7AD65}.Debug|Any CPU.Build.0 = Debug|Any CPU
		{B893EAEC-8C26-444B-A6F8-C48B94D7AD65}.Release|Any CPU.ActiveCfg = Release|Any CPU
		{B893EAEC-8C26-444B-A6F8-C48B94D7AD65}.Release|Any CPU.Build.0 = Release|Any CPU
	EndGlobalSection
	GlobalSection(SolutionProperties) = preSolution
		HideSolutionNode = FALSE
	EndGlobalSection
EndGlobal
