
Microsoft Visual Studio Solution File, Format Version 12.00
# Visual Studio 2013
VisualStudioVersion = 12.0.30324.0
MinimumVisualStudioVersion = 10.0.40219.1
Project("{FAE04EC0-301F-11D3-BF4B-00C04F79EFBC}") = "01. GetsNumberOfRowsInCategories", "01. GetsNumberOfRowsInCategories\01. GetsNumberOfRowsInCategories.csproj", "{872484E2-D532-417A-9746-7323B2BDE508}"
EndProject
Project("{FAE04EC0-301F-11D3-BF4B-00C04F79EFBC}") = "02. GetsNameAndDescriptionOfCategories", "02. GetsNameAndDescriptionOfCategories\02. GetsNameAndDescriptionOfCategories.csproj", "{42986A9A-755D-45C2-8AF9-3E53F105CB1F}"
EndProject
Project("{FAE04EC0-301F-11D3-BF4B-00C04F79EFBC}") = "03. GetsCategoriesAndProductsInThem", "03. GetsCategoriesAndProductsInThem\03. GetsCategoriesAndProductsInThem.csproj", "{CC6E26E6-82C1-45C7-9D08-9104345C4FCF}"
EndProject
Project("{FAE04EC0-301F-11D3-BF4B-00C04F79EFBC}") = "04. AddsNewProduct", "04. AddsNewProduct\04. AddsNewProduct.csproj", "{F0D57378-1EBE-45AF-A31E-7E3ACE839A64}"
EndProject
Project("{FAE04EC0-301F-11D3-BF4B-00C04F79EFBC}") = "05. GetsCategoriesImagesAndStoresThem", "05. GetImagesAndStoresThem\05. GetsCategoriesImagesAndStoresThem.csproj", "{53A5474B-73EF-49BE-A0DD-B81D865854BB}"
EndProject
Project("{FAE04EC0-301F-11D3-BF4B-00C04F79EFBC}") = "06. ReadsXlsxAndDisplays", "06. ReadsXlsxAndDisplays\06. ReadsXlsxAndDisplays.csproj", "{B8D790F8-81F6-4A46-9EFA-1425D219422A}"
EndProject
Project("{FAE04EC0-301F-11D3-BF4B-00C04F79EFBC}") = "07. AppendNewRowExcel", "07. AppendNewRowExcel\07. AppendNewRowExcel.csproj", "{B41C6F17-A70F-452D-B187-4E705CFC6E93}"
EndProject
Project("{FAE04EC0-301F-11D3-BF4B-00C04F79EFBC}") = "08. FindsAllProductsByString", "08. FindsAllProductsByString\08. FindsAllProductsByString.csproj", "{65ACAFDB-EAE8-4899-BABC-3EF1DB185C3A}"
EndProject
Global
	GlobalSection(SolutionConfigurationPlatforms) = preSolution
		Debug|Any CPU = Debug|Any CPU
		Release|Any CPU = Release|Any CPU
	EndGlobalSection
	GlobalSection(ProjectConfigurationPlatforms) = postSolution
		{872484E2-D532-417A-9746-7323B2BDE508}.Debug|Any CPU.ActiveCfg = Debug|Any CPU
		{872484E2-D532-417A-9746-7323B2BDE508}.Debug|Any CPU.Build.0 = Debug|Any CPU
		{872484E2-D532-417A-9746-7323B2BDE508}.Release|Any CPU.ActiveCfg = Release|Any CPU
		{872484E2-D532-417A-9746-7323B2BDE508}.Release|Any CPU.Build.0 = Release|Any CPU
		{42986A9A-755D-45C2-8AF9-3E53F105CB1F}.Debug|Any CPU.ActiveCfg = Debug|Any CPU
		{42986A9A-755D-45C2-8AF9-3E53F105CB1F}.Debug|Any CPU.Build.0 = Debug|Any CPU
		{42986A9A-755D-45C2-8AF9-3E53F105CB1F}.Release|Any CPU.ActiveCfg = Release|Any CPU
		{42986A9A-755D-45C2-8AF9-3E53F105CB1F}.Release|Any CPU.Build.0 = Release|Any CPU
		{CC6E26E6-82C1-45C7-9D08-9104345C4FCF}.Debug|Any CPU.ActiveCfg = Debug|Any CPU
		{CC6E26E6-82C1-45C7-9D08-9104345C4FCF}.Debug|Any CPU.Build.0 = Debug|Any CPU
		{CC6E26E6-82C1-45C7-9D08-9104345C4FCF}.Release|Any CPU.ActiveCfg = Release|Any CPU
		{CC6E26E6-82C1-45C7-9D08-9104345C4FCF}.Release|Any CPU.Build.0 = Release|Any CPU
		{F0D57378-1EBE-45AF-A31E-7E3ACE839A64}.Debug|Any CPU.ActiveCfg = Debug|Any CPU
		{F0D57378-1EBE-45AF-A31E-7E3ACE839A64}.Debug|Any CPU.Build.0 = Debug|Any CPU
		{F0D57378-1EBE-45AF-A31E-7E3ACE839A64}.Release|Any CPU.ActiveCfg = Release|Any CPU
		{F0D57378-1EBE-45AF-A31E-7E3ACE839A64}.Release|Any CPU.Build.0 = Release|Any CPU
		{53A5474B-73EF-49BE-A0DD-B81D865854BB}.Debug|Any CPU.ActiveCfg = Debug|Any CPU
		{53A5474B-73EF-49BE-A0DD-B81D865854BB}.Debug|Any CPU.Build.0 = Debug|Any CPU
		{53A5474B-73EF-49BE-A0DD-B81D865854BB}.Release|Any CPU.ActiveCfg = Release|Any CPU
		{53A5474B-73EF-49BE-A0DD-B81D865854BB}.Release|Any CPU.Build.0 = Release|Any CPU
		{B8D790F8-81F6-4A46-9EFA-1425D219422A}.Debug|Any CPU.ActiveCfg = Debug|Any CPU
		{B8D790F8-81F6-4A46-9EFA-1425D219422A}.Debug|Any CPU.Build.0 = Debug|Any CPU
		{B8D790F8-81F6-4A46-9EFA-1425D219422A}.Release|Any CPU.ActiveCfg = Release|Any CPU
		{B8D790F8-81F6-4A46-9EFA-1425D219422A}.Release|Any CPU.Build.0 = Release|Any CPU
		{B41C6F17-A70F-452D-B187-4E705CFC6E93}.Debug|Any CPU.ActiveCfg = Debug|Any CPU
		{B41C6F17-A70F-452D-B187-4E705CFC6E93}.Debug|Any CPU.Build.0 = Debug|Any CPU
		{B41C6F17-A70F-452D-B187-4E705CFC6E93}.Release|Any CPU.ActiveCfg = Release|Any CPU
		{B41C6F17-A70F-452D-B187-4E705CFC6E93}.Release|Any CPU.Build.0 = Release|Any CPU
		{65ACAFDB-EAE8-4899-BABC-3EF1DB185C3A}.Debug|Any CPU.ActiveCfg = Debug|Any CPU
		{65ACAFDB-EAE8-4899-BABC-3EF1DB185C3A}.Debug|Any CPU.Build.0 = Debug|Any CPU
		{65ACAFDB-EAE8-4899-BABC-3EF1DB185C3A}.Release|Any CPU.ActiveCfg = Release|Any CPU
		{65ACAFDB-EAE8-4899-BABC-3EF1DB185C3A}.Release|Any CPU.Build.0 = Release|Any CPU
	EndGlobalSection
	GlobalSection(SolutionProperties) = preSolution
		HideSolutionNode = FALSE
	EndGlobalSection
EndGlobal
